{
  "name": "northgift",
  "version": "1.0.0",
  "lockfileVersion": 3,
  "requires": true,
  "packages": {
    "": {
      "name": "northgift",
      "version": "1.0.0",
      "dependencies": {
        "cors": "^2.8.5",
        "express": "^4.18.2"
      }
    },
    "node_modules/cors": {
      "version": "2.8.5",
      "resolved": "https://registry.npmjs.org/cors/-/cors-2.8.5.tgz",
      "integrity": "sha512-6MxUNJ2RWhEjwDzqtnQpjh+3p87sLh9x6yxEedG3LShhXh4cGMxu+qERZZ9Y1BDM90DL/ZyV+jOq9iGmN44RLw==",
      "dependencies": {
        "object-assign": "^4.1.1"
      },
      "engines": {
        "node": ">= 0.10.0"
      }
    },
    "node_modules/express": {
      "version": "4.18.2",
      "resolved": "https://registry.npmjs.org/express/-/express-4.18.2.tgz",
      "integrity": "sha512-IwRiqTVkL9NnQo4Ev1zAguKwI4tMhzTd1qF/k8yM4YPzwMxTQbtmF3cqIpXc63uqQYfbXszZ4V6p67nmXNzCmg==",
      "dependencies": {
        "accepts": "~1.3.8",
        "array-flatten": "1.1.1",
        "body-parser": "1.20.2",
        "content-disposition": "0.5.4",
        "content-type": "~1.0.4",
        "cookie": "0.5.0",
        "cookie-signature": "1.0.6",
        "debug": "2.6.9",
        "depd": "~2.0.0",
        "encodeurl": "~1.0.2",
        "escape-html": "~1.0.3",
        "etag": "~1.8.1",
        "finalhandler": "1.2.0",
        "fresh": "0.5.2",
        "merge-descriptors": "1.0.1",
        "methods": "~1.1.2",
        "on-finished": "2.4.1",
        "parseurl": "~1.3.3",
        "path-to-regexp": "0.1.7",
        "proxy-addr": "~2.0.7",
        "qs": "6.11.0",
        "range-parser": "~1.2.1",
        "safe-buffer": "5.2.1",
        "send": "0.18.0",
        "serve-static": "1.15.0",
        "setprototypeof": "1.2.0",
        "statuses": "~1.5.0",
        "type-is": "~1.6.18",
        "utils-merge": "1.0.1",
        "vary": "~1.1.2"
      },
      "engines": {
        "node": ">= 0.10.0"
      }
    },
    "node_modules/object-assign": {
      "version": "4.1.1",
      "resolved": "https://registry.npmjs.org/object-assign/-/object-assign-4.1.1.tgz",
      "integrity": "sha512-GkDapf+YQxioz9UEjRfxmjP15Jk6N6fYu4A7+yGwSSULFh4sjmlyKo6RbrhTPXSOx8U3+T9kx1JHRqf7TjWqDw==",
      "engines": {
        "node": ">=0.4.0"
      }
    },
    "node_modules/accepts": {
      "version": "1.3.8",
      "resolved": "https://registry.npmjs.org/accepts/-/accepts-1.3.8.tgz",
      "integrity": "sha512-LRy+2P+cQ0tYpERxvS+4bM9Fr5uqPqCZ7uDl/Nm48q+HaY8twFJQUYtWgZ1TpP7HJvTFzG5fy8dZ2+ylPq8a5Q==",
      "dependencies": {
        "mime-types": "~2.1.35",
        "negotiator": "0.6.3"
      }
    },
    "node_modules/mime-types": {
      "version": "2.1.35",
      "resolved": "https://registry.npmjs.org/mime-types/-/mime-types-2.1.35.tgz",
      "integrity": "sha512-QJEp58YGU8AIEJHt5+LRbTvfX0X6uH+6vPwe8+e4Yo8AxaxzClFfzEr1oxJKPeKGD34XqE/n5eyP9b5IB2L1bA==",
      "dependencies": {
        "mime-db": "1.52.0"
      }
    },
    "node_modules/mime-db": {
      "version": "1.52.0",
      "resolved": "https://registry.npmjs.org/mime-db/-/mime-db-1.52.0.tgz",
      "integrity": "sha512-7xn+Q7PzdhfCuMd+8LmyW2W8gr8qY1vFdeH0zIsgoE9zn9+OWibBd/bhZw4Cm3fjW+9wxro0L47Sw7yxY/k4zQ=="
    },
    "node_modules/negotiator": {
      "version": "0.6.3",
      "resolved": "https://registry.npmjs.org/negotiator/-/negotiator-0.6.3.tgz",
      "integrity": "sha512-B6jYoPHTEVUzP2+CkSWTRtV+MPq9w55rj/MxXEp92GpXQYy+ZKMeF6VfMaHaSBoKlyN10XL70dLkLp15jYjGog=="
    },
    "node_modules/array-flatten": {
      "version": "1.1.1",
      "resolved": "https://registry.npmjs.org/array-flatten/-/array-flatten-1.1.1.tgz",
      "integrity": "sha512-GX6F1gIyMJk8KIG3j7bTDSwDiS5cMpN4XyM9ExqDff+yi62LY4Mr2lk3dH+LQcy3E8NuJ6woH8t1bS16R52Lug=="
    },
    "node_modules/body-parser": {
      "version": "1.20.2",
      "resolved": "https://registry.npmjs.org/body-parser/-/body-parser-1.20.2.tgz",
      "integrity": "sha512-Y0Qk1n4cJ2Ebq6LWlfm5kg3ryCA2qzXrhLOBoFdpYPB8eCGj6DwqNRNT9UM9u9/92jmnJu5aHKhk9B7J4HkPWQ==",
      "dependencies": {
        "bytes": "3.1.2",
        "content-type": "~1.0.5",
        "debug": "2.6.9",
        "depd": "2.0.0",
        "http-errors": "2.0.0",
        "iconv-lite": "0.4.24",
        "on-finished": "2.4.1",
        "qs": "6.11.0",
        "raw-body": "2.5.2",
        "type-is": "1.6.18"
      }
    },
    "node_modules/bytes": {
      "version": "3.1.2",
      "resolved": "https://registry.npmjs.org/bytes/-/bytes-3.1.2.tgz",
      "integrity": "sha512-jhKuAZjxDoGHfP1NN3hTGkdOR1Vja9wWz4CWvC5q8s6D2tP1vl1QvNUZ4OSG4NjHcsmx3TGzGdAbfV2vYq1xGA=="
    },
    "node_modules/content-disposition": {
      "version": "0.5.4",
      "resolved": "https://registry.npmjs.org/content-disposition/-/content-disposition-0.5.4.tgz",
      "integrity": "sha512-+GxANxRCDujLFC25PyUkwLuXUjD/9qvgqjxpiTRxyLZ6TJxV2j7TlNeTlDV7aE7NNBk3tld/0gkp3I4r26w1Fw=="
    },
    "node_modules/content-type": {
      "version": "1.0.5",
      "resolved": "https://registry.npmjs.org/content-type/-/content-type-1.0.5.tgz",
      "integrity": "sha512-QE2K5yOgf4J+MftcdPXqITdTyXJ8fQ4v/WHHsLFqZs7jRCBXGb8go7+7OEc0+34rJxq15zCqlbfSI/6pYZQKcw=="
    },
    "node_modules/cookie": {
      "version": "0.5.0",
      "resolved": "https://registry.npmjs.org/cookie/-/cookie-0.5.0.tgz",
      "integrity": "sha512-Oqfth7w7Oi4u7yO9S3CF7W4ZAlqOYpk9TvbnKEXOE9Y/rCdX9mlGv+B0iQtD6I1wQqPl3CeTbXzp0D6Ed+l/2Q=="
    },
    "node_modules/cookie-signature": {
      "version": "1.0.6",
      "resolved": "https://registry.npmjs.org/cookie-signature/-/cookie-signature-1.0.6.tgz",
      "integrity": "sha512-zFqreDHTvhmC7rJ60HRn+tXQUSWxDjV8QicBMGxQ0nZ61kR/kqH8nBzQxxfGzTMSZxxg88KE+WjjUxZ9zCDXwg=="
    },
    "node_modules/debug": {
      "version": "2.6.9",
      "resolved": "https://registry.npmjs.org/debug/-/debug-2.6.9.tgz",
      "integrity": "sha512-h3deR8X+qU9Wsy6F4H+7KNzChMLMMyG+TXEqhvpy5rXH/MgVr1OwKZxc8S1kU69PEyp32C0T4gUEn02gNGWyHg=="
    },
    "node_modules/depd": {
      "version": "2.0.0",
      "resolved": "https://registry.npmjs.org/depd/-/depd-2.0.0.tgz",
      "integrity": "sha512-qgF1tV5PRuYfrJ2KZ63Vaf6Rpi0/uG9Q5yF9j+dXn0p+0sA+1zD0gNPNQVnUyx9uRWrQjyDX9z8GpSH3k4hCVg=="
    },
    "node_modules/etag": {
      "version": "1.8.1",
      "resolved": "https://registry.npmjs.org/etag/-/etag-1.8.1.tgz",
      "integrity": "sha512-tY/nXzqP1A6o0+FcuDsjkBEPxjwBltMkQv5q6Y6h90dx5lAq08WGLrNJwCyTixdHoTb7CHTy6aMdwMfY7U+4sA=="
    },
    "node_modules/encodeurl": {
      "version": "1.0.2",
      "resolved": "https://registry.npmjs.org/encodeurl/-/encodeurl-1.0.2.tgz",
      "integrity": "sha512-2RwGmCeEGzPZ9x2L6QhK1Q8QxCyzbWkIx8xbJ5+pIM4TyHesbIV9xYq4SkxpQs1k2zTthq3bT6p7rgvwJPpj7A=="
    },
    "node_modules/escape-html": {
      "version": "1.0.3",
      "resolved": "https://registry.npmjs.org/escape-html/-/escape-html-1.0.3.tgz",
      "integrity": "sha512-cBxj9X5+bwc9rvuILuqLc1guHxAMkWyQ7WtNKiCxX5w+IcxP5mxz6EeckEnC3sNRmwhKyh+Q9e7Yk6R6Jbs5lQ=="
    },
    "node_modules/finalhandler": {
      "version": "1.2.0",
      "resolved": "https://registry.npmjs.org/finalhandler/-/finalhandler-1.2.0.tgz",
      "integrity": "sha512-JlF8ka7mMWAwWZ9tqk4QZ2We4YjTtJvp6q0YqfRBvyuGFSjKdLYEHTb6qE4pXjjpi2p7KBLwsGcu6EMtAWW8+A==",
      "dependencies": {
        "debug": "2.6.9",
        "encodeurl": "~1.0.2",
        "escape-html": "~1.0.3",
        "parseurl": "~1.3.3",
        "statuses": "2.0.1",
        "unpipe": "1.0.0"
      }
    },
    "node_modules/fresh": {
      "version": "0.5.2",
      "resolved": "https://registry.npmjs.org/fresh/-/fresh-0.5.2.tgz",
      "integrity": "sha512-xUMyPQJdxZATDKbEpR9PqFqqNZq6HqU79Ne2yW7T1c7HuNmlXCGYyD3Jzxg7e3FlsB9btPg0WqyYklLgk5qtrg=="
    },
    "node_modules/merge-descriptors": {
      "version": "1.0.1",
      "resolved": "https://registry.npmjs.org/merge-descriptors/-/merge-descriptors-1.0.1.tgz",
      "integrity": "sha512-t+qqv0O+NUuTF/2OBsDtFfSSdcX2s+HuTVpcBLH5coYh93HKz3Tb7QZL3Prmwfo6jKsMkpJ9yQyQX0fV+Q2DlQ=="
    },
    "node_modules/methods": {
      "version": "1.1.2",
      "resolved": "https://registry.npmjs.org/methods/-/methods-1.1.2.tgz",
      "integrity": "sha512-65B1fTrjBbEfTY2j+0Sl4f+tvKRvTVxCH3dA2fPHzS07rCUu/5OpVhvEB1VvoCjM7coP7uKv6S6+TqITnRDXow=="
    },
    "node_modules/on-finished": {
      "version": "2.4.1",
      "resolved": "https://registry.npmjs.org/on-finished/-/on-finished-2.4.1.tgz",
      "integrity": "sha512-Ca6vY+CyXiBp4ZANaVdHYDD0kW1p15ZV93Nv4DUYz5IqKMWD31DiK0bq66TogUr0xOeVzptBEZm2eQ11b3ntDQ==",
      "dependencies": {
        "ee-first": "1.1.1"
      }
    },
    "node_modules/parseurl": {
      "version": "1.3.3",
      "resolved": "https://registry.npmjs.org/parseurl/-/parseurl-1.3.3.tgz",
      "integrity": "sha512-WbEdqCchVhlhLgz1bqkSNtWLuX8lQx4vN4YBHWUIQ8dq/0QkZyFzQUkLzNO5np+zXHTsH8ETTD2yU6h4szJcsA=="
    },
    "node_modules/path-to-regexp": {
      "version": "0.1.7",
      "resolved": "https://registry.npmjs.org/path-to-regexp/-/path-to-regexp-0.1.7.tgz",
      "integrity": "sha512-wLXkEYdlOqVNj9vGYuIaLu1H3m9q6JoZc3wl9u98C9HlL9WiTzM7P4SNaMf8zRyHTpe+f+P1Bk8D7tb0F4nXAw=="
    },
    "node_modules/proxy-addr": {
      "version": "2.0.7",
      "resolved": "https://registry.npmjs.org/proxy-addr/-/proxy-addr-2.0.7.tgz",
      "integrity": "sha512-YFym32ez3m0f8Q5QBd0HOONiG7QqRxJ1yDBEr5EIV1jAzoWxQpCNkZrSbDHTw+Sc1Bv9zYlN9+N2yEl7pXNTWg==",
      "dependencies": {
        "forwarded": "0.2.0",
        "ipaddr.js": "1.9.1"
      }
    },
    "node_modules/qs": {
      "version": "6.11.0",
      "resolved": "https://registry.npmjs.org/qs/-/qs-6.11.0.tgz",
      "integrity": "sha512-CiKCV2x0clp6DYBgh+RZcnkfJo9Y2+QbHka6R89PlQfWZemSR/LDtW6wrMLV+KK+qD3bWc3R4dG2vZ7q4S27UQ=="
    },
    "node_modules/raw-body": {
      "version": "2.5.2",
      "resolved": "https://registry.npmjs.org/raw-body/-/raw-body-2.5.2.tgz",
      "integrity": "sha512-HcxzDgC9q8qA1pntkPYf/0v6XOqgCjkL5RiKmUzSXG/QE9cxM0U0loqLOVZK49Kf6LBxybIMaTpG7m0hMdjAbQ==",
      "dependencies": {
        "bytes": "3.1.2",
        "http-errors": "2.0.0",
        "iconv-lite": "0.4.24",
        "unpipe": "1.0.0"
      }
    },
    "node_modules/send": {
      "version": "0.18.0",
      "resolved": "https://registry.npmjs.org/send/-/send-0.18.0.tgz",
      "integrity": "sha512-HRsJ6FGq8E6IrBkqj6Km/M1rq+oZ7GcLAXymRbrS5gqDNLp00FJXm3cAJjDg6UAh3f1wvucSO8fIXSgqO4W6AQ==",
      "dependencies": {
        "debug": "2.6.9",
        "depd": "2.0.0",
        "destroy": "1.2.0",
        "encodeurl": "~1.0.2",
        "escape-html": "~1.0.3",
        "fresh": "0.5.2",
        "http-errors": "2.0.0",
        "mime": "1.6.0",
        "ms": "2.1.3",
        "range-parser": "~1.2.1",
        "statuses": "2.0.1"
      }
    },
    "node_modules/serve-static": {
      "version": "1.15.0",
      "resolved": "https://registry.npmjs.org/serve-static/-/serve-static-1.15.0.tgz",
      "integrity": "sha512-B+yDtzvpGx6NXu7D4USo/TN82Z+oFFoIoD6zVtEYjXK+f+Ya4qJqejQ5LPsxQhyZknbVuFJpcojHRWzz7dDRZw==",
      "dependencies": {
        "encodeurl": "~1.0.2",
        "escape-html": "~1.0.3",
        "parseurl": "~1.3.3",
        "statuses": "2.0.1",
        "send": "0.18.0"
      }
    },
    "node_modules/setprototypeof": {
      "version": "1.2.0",
      "resolved": "https://registry.npmjs.org/setprototypeof/-/setprototypeof-1.2.0.tgz",
      "integrity": "sha512-H9HbH2JYRXl1KRavh8ExnaLqbXKlPxV6PtURvHjqfNVY0rD5ZW+olr3YliLZh3rExPd4LnXtgA6S6UlfZyz+7Q=="
    },
    "node_modules/statuses": {
      "version": "2.0.1",
      "resolved": "https://registry.npmjs.org/statuses/-/statuses-2.0.1.tgz",
      "integrity": "sha512-CvFjxyi8+U7Lbf/kx2R0LVMbdS9f4A2q8V1Q9C6zz7/RU73w5cF1VZ5hGXDQiyT7A4fJhOlrc0k7OYsNiHsdvA=="
    },
    "node_modules/type-is": {
      "version": "1.6.18",
      "resolved": "https://registry.npmjs.org/type-is/-/type-is-1.6.18.tgz",
      "integrity": "sha512-tkOtd/K/FFcgCm4fv0j0T1O5F4lfwCxqRHzX1/EwHO+wxHpjDcYnrMnhNuP7NoGZo3T92U6cnv6vYJm2z1EoPQ==",
      "dependencies": {
        "media-typer": "0.3.0",
        "mime-types": "~2.1.34"
      }
    },
    "node_modules/utils-merge": {
      "version": "1.0.1",
      "resolved": "https://registry.npmjs.org/utils-merge/-/utils-merge-1.0.1.tgz",
      "integrity": "sha512-tOTYv5whsDB4VHR9UK6ILGl5c/hJ+JUlnkKuX0WjJekWd6xp+FKYq9GGiSe8G6snNYyYcfazRR1BbYHuJ3Yf6w=="
    },
    "node_modules/vary": {
      "version": "1.1.2",
      "resolved": "https://registry.npmjs.org/vary/-/vary-1.1.2.tgz",
      "integrity": "sha512-F6kOEB/Jit0OrXovG7PEgDBWupCHwZX/Vo1a9Q6O8p9Q9m/2zktzJl0OwUlTQxy89E41RRaq2P0e52e+8OE7Rg=="
    },
    "node_modules/ee-first": {
      "version": "1.1.1",
      "resolved": "https://registry.npmjs.org/ee-first/-/ee-first-1.1.1.tgz",
      "integrity": "sha512-KvP2x6lt1hri6vfTi6GiF08Ug1NOxLkPrWiF/Tc8Xu1rVnM9Dri+9xHx71DUnNLeDlklWle3wDvc/ZSwm0IcRQ=="
    },
    "node_modules/forwarded": {
      "version": "0.2.0",
      "resolved": "https://registry.npmjs.org/forwarded/-/forwarded-0.2.0.tgz",
      "integrity": "sha512-UOrwl2FhMe5xH+LCFtd5ijL0lt2sQmtV8R+6zTFwgB1QxaQq0hncpqc0ng1bs2B9XBLqOgzNa3x+XZCFQfDWgA=="
    },
    "node_modules/ipaddr.js": {
      "version": "1.9.1",
      "resolved": "https://registry.npmjs.org/ipaddr.js/-/ipaddr.js-1.9.1.tgz",
      "integrity": "sha512-AL3v4jI+fml7VEx2plD6u1Dww5qCkexWjWkIfr6L8O+SlAZRfWuM2ROEuwrlNuKx8VnE+VQY2G3EDT9AxS3F4g=="
    },
    "node_modules/destroy": {
      "version": "1.2.0",
      "resolved": "https://registry.npmjs.org/destroy/-/destroy-1.2.0.tgz",
      "integrity": "sha512-NVQ4oY6aY0DkMxyZ6aDKJvT4kMv/OcDFK0Z07CGI0OLRKUChUjzdrRfb7ehhizMyM++x7+y6xZ6vlueJqXcqF2Q=="
    },
    "node_modules/http-errors": {
      "version": "2.0.0",
      "resolved": "https://registry.npmjs.org/http-errors/-/http-errors-2.0.0.tgz",
      "integrity": "sha512-MLY5TWdjDDqcsN63JKzp0Qg2u0tKzU3d7vQl2Bhj2zXryLlTsTZczqeqI6bsk6vSK0YKhvkr3lV96U7c3+I8DA==",
      "dependencies": {
        "depd": "2.0.0",
        "inherits": "2.0.4",
        "setprototypeof": "1.2.0",
        "statuses": "2.0.1",
        "toidentifier": "1.0.1"
      }
    },
    "node_modules/iconv-lite": {
      "version": "0.4.24",
      "resolved": "https://registry.npmjs.org/iconv-lite/-/iconv-lite-0.4.24.tgz",
      "integrity": "sha512-q8j7XxBQ6veYUK24Ek6/bsVaZkIqT4BFO53FK/nfrbC0xvMsINkhKsH63lA+9gVXQ4kX6YH+rltYbT9c2/h5Ug==",
      "dependencies": {
        "safer-buffer": "2.1.2"
      }
    },
    "node_modules/inherits": {
      "version": "2.0.4",
      "resolved": "https://registry.npmjs.org/inherits/-/inherits-2.0.4.tgz",
      "integrity": "sha512-k/vs4z0B1Q8I3UMzG5Jbbzq2W4aXax5b7b0/Gv8ARe7fCJrgFhsZYpr6l6E3Ht6mkJr6oWTej9v13zx6xZzpbw=="
    },
    "node_modules/ms": {
      "version": "2.1.3",
      "resolved": "https://registry.npmjs.org/ms/-/ms-2.1.3.tgz",
      "integrity": "sha512-46h4cMElqMcC2uDHku2n/2Dv9RMUpz95H7EWjZQcByx0F/CMpTfzWnnY53XQUhb+kOtA2e1RqcljZ9ibntKENA=="
    },
    "node_modules/raw-body/node_modules/safer-buffer": {
      "version": "2.1.2",
      "resolved": "https://registry.npmjs.org/safer-buffer/-/safer-buffer-2.1.2.tgz",
      "integrity": "sha512-v2t87Xp+Z18os4LTQclq3cI5h+tkyA1zSk3JfI/JpH3U0Z2vmqC3+2VLbh5hp+U/bdXqKKq7H5Q53Qv4jwHfLg=="
    }
  },
  "dependencies": {
    "cors": {
      "version": "2.8.5",
      "resolved": "https://registry.npmjs.org/cors/-/cors-2.8.5.tgz",
      "integrity": "sha512-6MxUNJ2RWhEjwDzqtnQpjh+3p87sLh9x6yxEedG3LShhXh4cGMxu+qERZZ9Y1BDM90DL/ZyV+jOq9iGmN44RLw==",
      "dependencies": {
        "object-assign": "^4.1.1"
      }
    },
    "express": {
      "version": "4.18.2",
      "resolved": "https://registry.npmjs.org/express/-/express-4.18.2.tgz",
      "integrity": "sha512-IwRiqTVkL9NnQo4Ev1zAguKwI4tMhzTd1qF/k8yM4YPzwMxTQbtmF3cqIpXc63uqQYfbXszZ4V6p67nmXNzCmg==",
      "dependencies": {
        "accepts": "~1.3.8",
        "array-flatten": "1.1.1",
        "body-parser": "1.20.2",
        "content-disposition": "0.5.4",
        "content-type": "~1.0.4",
        "cookie": "0.5.0",
        "cookie-signature": "1.0.6",
        "debug": "2.6.9",
        "depd": "~2.0.0",
        "encodeurl": "~1.0.2",
        "escape-html": "~1.0.3",
        "etag": "~1.8.1",
        "finalhandler": "1.2.0",
        "fresh": "0.5.2",
        "merge-descriptors": "1.0.1",
        "methods": "~1.1.2",
        "on-finished": "2.4.1",
        "parseurl": "~1.3.3",
        "path-to-regexp": "0.1.7",
        "proxy-addr": "~2.0.7",
        "qs": "6.11.0",
        "range-parser": "~1.2.1",
        "safe-buffer": "5.2.1",
        "send": "0.18.0",
        "serve-static": "1.15.0",
        "setprototypeof": "1.2.0",
        "statuses": "~1.5.0",
        "type-is": "~1.6.18",
        "utils-merge": "1.0.1",
        "vary": "~1.1.2"
      }
    },
    "object-assign": {
      "version": "4.1.1",
      "resolved": "https://registry.npmjs.org/object-assign/-/object-assign-4.1.1.tgz",
      "integrity": "sha512-GkDapf+YQxioz9UEjRfxmjP15Jk6N6fYu4A7+yGwSSULFh4sjmlyKo6RbrhTPXSOx8U3+T9kx1JHRqf7TjWqDw=="
    }
  }
}
